
Microsoft Visual Studio Solution File, Format Version 12.00
Project("{FAE04EC0-301F-11D3-BF4B-00C04F79EFBC}") = "Task1", "Task1\Task1.csproj", "{3E1B1E95-3A27-4F63-BF45-120AAE40DE2F}"
EndProject
Project("{FAE04EC0-301F-11D3-BF4B-00C04F79EFBC}") = "Task1_test", "Task1_test\Task1_test.csproj", "{755CED49-BE96-43FF-9D01-3C5674A08461}"
EndProject
Project("{FAE04EC0-301F-11D3-BF4B-00C04F79EFBC}") = "Task2", "Task2\Task2.csproj", "{D2CE489D-F6FD-4BD3-B415-043723CFA25E}"
EndProject
Project("{FAE04EC0-301F-11D3-BF4B-00C04F79EFBC}") = "Task2_test", "Task2_test\Task2_test.csproj", "{8E1B384B-5843-4905-898B-79E60D3EA694}"
EndProject
Global
	GlobalSection(SolutionConfigurationPlatforms) = preSolution
		Debug|Any CPU = Debug|Any CPU
		Release|Any CPU = Release|Any CPU
	EndGlobalSection
	GlobalSection(ProjectConfigurationPlatforms) = postSolution
		{3E1B1E95-3A27-4F63-BF45-120AAE40DE2F}.Debug|Any CPU.ActiveCfg = Debug|Any CPU
		{3E1B1E95-3A27-4F63-BF45-120AAE40DE2F}.Debug|Any CPU.Build.0 = Debug|Any CPU
		{3E1B1E95-3A27-4F63-BF45-120AAE40DE2F}.Release|Any CPU.ActiveCfg = Release|Any CPU
		{3E1B1E95-3A27-4F63-BF45-120AAE40DE2F}.Release|Any CPU.Build.0 = Release|Any CPU
		{755CED49-BE96-43FF-9D01-3C5674A08461}.Debug|Any CPU.ActiveCfg = Debug|Any CPU
		{755CED49-BE96-43FF-9D01-3C5674A08461}.Debug|Any CPU.Build.0 = Debug|Any CPU
		{755CED49-BE96-43FF-9D01-3C5674A08461}.Release|Any CPU.ActiveCfg = Release|Any CPU
		{755CED49-BE96-43FF-9D01-3C5674A08461}.Release|Any CPU.Build.0 = Release|Any CPU
		{D2CE489D-F6FD-4BD3-B415-043723CFA25E}.Debug|Any CPU.ActiveCfg = Debug|Any CPU
		{D2CE489D-F6FD-4BD3-B415-043723CFA25E}.Debug|Any CPU.Build.0 = Debug|Any CPU
		{D2CE489D-F6FD-4BD3-B415-043723CFA25E}.Release|Any CPU.ActiveCfg = Release|Any CPU
		{D2CE489D-F6FD-4BD3-B415-043723CFA25E}.Release|Any CPU.Build.0 = Release|Any CPU
		{8E1B384B-5843-4905-898B-79E60D3EA694}.Debug|Any CPU.ActiveCfg = Debug|Any CPU
		{8E1B384B-5843-4905-898B-79E60D3EA694}.Debug|Any CPU.Build.0 = Debug|Any CPU
		{8E1B384B-5843-4905-898B-79E60D3EA694}.Release|Any CPU.ActiveCfg = Release|Any CPU
		{8E1B384B-5843-4905-898B-79E60D3EA694}.Release|Any CPU.Build.0 = Release|Any CPU
	EndGlobalSection
EndGlobal
